
Microsoft Visual Studio Solution File, Format Version 12.00
# Visual Studio Version 17
VisualStudioVersion = 17.8.34330.188
MinimumVisualStudioVersion = 10.0.40219.1
Project("{9A19103F-16F7-4668-BE54-9A1E7A4F7556}") = "PizzaStore", "PizzaStore\PizzaStore.csproj", "{FD8E0C60-7621-4AE5-9F8C-079059CFED86}"
EndProject
Global
	GlobalSection(SolutionConfigurationPlatforms) = preSolution
		Debug|Any CPU = Debug|Any CPU
		Release|Any CPU = Release|Any CPU
	EndGlobalSection
	GlobalSection(ProjectConfigurationPlatforms) = postSolution
		{FD8E0C60-7621-4AE5-9F8C-079059CFED86}.Debug|Any CPU.ActiveCfg = Debug|Any CPU
		{FD8E0C60-7621-4AE5-9F8C-079059CFED86}.Debug|Any CPU.Build.0 = Debug|Any CPU
		{FD8E0C60-7621-4AE5-9F8C-079059CFED86}.Release|Any CPU.ActiveCfg = Release|Any CPU
		{FD8E0C60-7621-4AE5-9F8C-079059CFED86}.Release|Any CPU.Build.0 = Release|Any CPU
	EndGlobalSection
	GlobalSection(SolutionProperties) = preSolution
		HideSolutionNode = FALSE
	EndGlobalSection
	GlobalSection(ExtensibilityGlobals) = postSolution
		SolutionGuid = {1F834127-2C9B-4218-A03F-FC04EB3BDB97}
	EndGlobalSection
EndGlobal
